<?xml version="1.0" encoding="utf-8"?>
<Project ToolsVersion="4.0" xmlns="http://schemas.microsoft.com/developer/msbuild/2003">
  <ItemGroup>
    <Filter Include="LocalInterfaces">
      <UniqueIdentifier>{7c6ab691-bada-44c0-9b9e-7777084aea8f}</UniqueIdentifier>
    </Filter>
    <Filter Include="src">
      <UniqueIdentifier>{11f96d57-3a6d-4c57-bd1b-faffadb605c3}</UniqueIdentifier>
    </Filter>
  </ItemGroup>
  <ItemGroup>
    <ClCompile Include="..\..\..\TestFramework\TestModuleCommand.m\src\CAAFirstCommand.cpp">
      <Filter>src</Filter>
    </ClCompile>
    <ClCompile Include="..\..\..\TestFramework\TestModuleCommand.m\src\CAASecondCommand.cpp">
      <Filter>src</Filter>
    </ClCompile>
    <ClCompile Include="..\..\..\TestFramework\TestModuleCommand.m\src\CAAThirdCommand.cpp">
      <Filter>src</Filter>
    </ClCompile>
    <ClInclude Include="..\..\..\TestFramework\TestModuleCommand.m\LocalInterfaces\CAAFirstCommand.h">
      <Filter>LocalInterfaces</Filter>
    </ClInclude>
    <ClInclude Include="..\..\..\TestFramework\TestModuleCommand.m\LocalInterfaces\CAASecondCommand.h">
      <Filter>LocalInterfaces</Filter>
    </ClInclude>
    <ClInclude Include="..\..\..\TestFramework\TestModuleCommand.m\LocalInterfaces\CAAThirdCommand.h">
      <Filter>LocalInterfaces</Filter>
    </ClInclude>
    <None Include="..\..\..\TestFramework\TestModuleCommand.m\Imakefile.mk">
      <Filter>
      </Filter>
    </None>
  </ItemGroup>
</Project>