<?xml version="1.0" encoding="utf-8"?>
<Project ToolsVersion="4.0" xmlns="http://schemas.microsoft.com/developer/msbuild/2003">
  <ItemGroup>
    <Filter Include="LocalInterfaces">
      <UniqueIdentifier>{cd43610e-460b-4d5f-938e-b4e4701eeb83}</UniqueIdentifier>
    </Filter>
    <Filter Include="src">
      <UniqueIdentifier>{020e2818-cb6c-4010-8683-7acb7a953dcf}</UniqueIdentifier>
    </Filter>
  </ItemGroup>
  <ItemGroup>
    <ClCompile Include="..\..\..\TestFramework\TestModule.m\src\CAAComponentAddin.cpp">
      <Filter>src</Filter>
    </ClCompile>
    <ClCompile Include="..\..\..\TestFramework\TestModule.m\src\CAAPartDesignAddin.cpp">
      <Filter>src</Filter>
    </ClCompile>
    <ClInclude Include="..\..\..\TestFramework\TestModule.m\LocalInterfaces\CAAComponentAddin.h">
      <Filter>LocalInterfaces</Filter>
    </ClInclude>
    <ClInclude Include="..\..\..\TestFramework\TestModule.m\LocalInterfaces\CAAPartDesignAddin.h">
      <Filter>LocalInterfaces</Filter>
    </ClInclude>
    <None Include="..\..\..\TestFramework\TestModule.m\Imakefile.mk">
      <Filter>
      </Filter>
    </None>
  </ItemGroup>
</Project>